
Microsoft Visual Studio Solution File, Format Version 12.00
# Visual Studio Version 16
VisualStudioVersion = 16.0.32106.194
MinimumVisualStudioVersion = 10.0.40219.1
Project("{FAE04EC0-301F-11D3-BF4B-00C04F79EFBC}") = "ChapterReversalMod", "ChapterReversalMod.csproj", "{5E39949C-C589-43ED-B6C0-0C343D60DE5A}"
EndProject
Global
	GlobalSection(SolutionConfigurationPlatforms) = preSolution
		Debug|Any CPU = Debug|Any CPU
		Release|Any CPU = Release|Any CPU
	EndGlobalSection
	GlobalSection(ProjectConfigurationPlatforms) = postSolution
		{5E39949C-C589-43ED-B6C0-0C343D60DE5A}.Debug|Any CPU.ActiveCfg = Debug|Any CPU
		{5E39949C-C589-43ED-B6C0-0C343D60DE5A}.Debug|Any CPU.Build.0 = Debug|Any CPU
		{5E39949C-C589-43ED-B6C0-0C343D60DE5A}.Release|Any CPU.ActiveCfg = Release|Any CPU
		{5E39949C-C589-43ED-B6C0-0C343D60DE5A}.Release|Any CPU.Build.0 = Release|Any CPU
	EndGlobalSection
	GlobalSection(SolutionProperties) = preSolution
		HideSolutionNode = FALSE
	EndGlobalSection
	GlobalSection(ExtensibilityGlobals) = postSolution
		SolutionGuid = {9FF26666-DB38-41BB-B7BE-1E11ABF66556}
	EndGlobalSection
EndGlobal
